
Microsoft Visual Studio Solution File, Format Version 12.00
# Visual Studio 15
VisualStudioVersion = 15.0.28010.2036
MinimumVisualStudioVersion = 10.0.40219.1
Project("{FAE04EC0-301F-11D3-BF4B-00C04F79EFBC}") = "CertificateRemover", "CertificateRemover\CertificateRemover.csproj", "{5B0108C7-F71F-4E60-AB23-E8165F7C838B}"
EndProject
Global
	GlobalSection(SolutionConfigurationPlatforms) = preSolution
		Debug|Any CPU = Debug|Any CPU
		Release|Any CPU = Release|Any CPU
	EndGlobalSection
	GlobalSection(ProjectConfigurationPlatforms) = postSolution
		{5B0108C7-F71F-4E60-AB23-E8165F7C838B}.Debug|Any CPU.ActiveCfg = Debug|Any CPU
		{5B0108C7-F71F-4E60-AB23-E8165F7C838B}.Debug|Any CPU.Build.0 = Debug|Any CPU
		{5B0108C7-F71F-4E60-AB23-E8165F7C838B}.Release|Any CPU.ActiveCfg = Release|Any CPU
		{5B0108C7-F71F-4E60-AB23-E8165F7C838B}.Release|Any CPU.Build.0 = Release|Any CPU
	EndGlobalSection
	GlobalSection(SolutionProperties) = preSolution
		HideSolutionNode = FALSE
	EndGlobalSection
	GlobalSection(ExtensibilityGlobals) = postSolution
		SolutionGuid = {11F71D37-AC4F-41BF-97A3-8C0C221016E8}
	EndGlobalSection
EndGlobal
